
Microsoft Visual Studio Solution File, Format Version 12.00
# Visual Studio Version 17
VisualStudioVersion = 17.13.35825.156 d17.13
MinimumVisualStudioVersion = 10.0.40219.1
Project("{FAE04EC0-301F-11D3-BF4B-00C04F79EFBC}") = "GestaoDeAlmoxarifado.ConsoleApp", "GestaoDeAlmoxarifado.ConsoleApp\GestaoDeAlmoxarifado.ConsoleApp.csproj", "{F59B9720-E3B3-41BE-87AA-52BDC7C403DC}"
EndProject
Global
	GlobalSection(SolutionConfigurationPlatforms) = preSolution
		Debug|Any CPU = Debug|Any CPU
		Release|Any CPU = Release|Any CPU
	EndGlobalSection
	GlobalSection(ProjectConfigurationPlatforms) = postSolution
		{F59B9720-E3B3-41BE-87AA-52BDC7C403DC}.Debug|Any CPU.ActiveCfg = Debug|Any CPU
		{F59B9720-E3B3-41BE-87AA-52BDC7C403DC}.Debug|Any CPU.Build.0 = Debug|Any CPU
		{F59B9720-E3B3-41BE-87AA-52BDC7C403DC}.Release|Any CPU.ActiveCfg = Release|Any CPU
		{F59B9720-E3B3-41BE-87AA-52BDC7C403DC}.Release|Any CPU.Build.0 = Release|Any CPU
	EndGlobalSection
	GlobalSection(SolutionProperties) = preSolution
		HideSolutionNode = FALSE
	EndGlobalSection
	GlobalSection(ExtensibilityGlobals) = postSolution
		SolutionGuid = {FEC6E9E8-7026-42B2-809D-25B94EB52F8A}
	EndGlobalSection
EndGlobal
